
Microsoft Visual Studio Solution File, Format Version 12.00
# Visual Studio Version 16
VisualStudioVersion = 16.0.28803.156
MinimumVisualStudioVersion = 10.0.40219.1
Project("{2150E333-8FDC-42A3-9474-1A3956D46DE8}") = "Test", "Test", "{9C767BBE-6BD1-498E-AE09-683F62AC64C3}"
EndProject
Project("{9A19103F-16F7-4668-BE54-9A1E7A4F7556}") = "SevenTiny.Bantina.Bankinate.MySql", "..\10-Code\SevenTiny.Bantina.Bankinate.MySql\SevenTiny.Bantina.Bankinate.MySql.csproj", "{5ACA3AE8-6C44-4BB4-81DD-3DB6C86107B3}"
EndProject
Project("{9A19103F-16F7-4668-BE54-9A1E7A4F7556}") = "SevenTiny.Bantina.Bankinate.SqlServer", "..\10-Code\SevenTiny.Bantina.Bankinate.SqlServer\SevenTiny.Bantina.Bankinate.SqlServer.csproj", "{C6FEDA1C-99B1-444D-9EAE-57EE2DE67C98}"
EndProject
Project("{9A19103F-16F7-4668-BE54-9A1E7A4F7556}") = "SevenTiny.Bantina.Bankinate.MongoDb", "..\10-Code\SevenTiny.Bantina.Bankinate.MongoDb\SevenTiny.Bantina.Bankinate.MongoDb.csproj", "{E0718CE9-755F-4054-A921-164D24307FEB}"
EndProject
Project("{9A19103F-16F7-4668-BE54-9A1E7A4F7556}") = "Test.MySql", "..\10-Code\Test\Test.MySql\Test.MySql.csproj", "{10C4E37C-2426-46A9-879C-5AAACE6D44E9}"
EndProject
Project("{9A19103F-16F7-4668-BE54-9A1E7A4F7556}") = "Test.SqlServer", "..\10-Code\Test\Test.SqlServer\Test.SqlServer.csproj", "{57B4E546-1BF6-4591-A77E-2EFF1FC3D7C2}"
EndProject
Project("{9A19103F-16F7-4668-BE54-9A1E7A4F7556}") = "Test.MongoDb", "..\10-Code\Test\Test.MongoDb\Test.MongoDb.csproj", "{3D460CE6-E199-4CCC-A362-224CCC43E35B}"
EndProject
Project("{9A19103F-16F7-4668-BE54-9A1E7A4F7556}") = "Test.Common", "..\10-Code\Test\Test.Common\Test.Common.csproj", "{03174E5D-7084-41FF-8E4E-411B0509F27D}"
EndProject
Project("{9A19103F-16F7-4668-BE54-9A1E7A4F7556}") = "SevenTiny.Bantina.Bankinate.Core", "..\10-Code\SevenTiny.Bantina.Bankinate.Core\SevenTiny.Bantina.Bankinate.Core.csproj", "{A931C6CA-FD61-4EBE-89D7-0AF64B43364F}"
EndProject
Project("{FAE04EC0-301F-11D3-BF4B-00C04F79EFBC}") = "Test.Core", "..\10-Code\Test\Test.Core\Test.Core.csproj", "{40691B1A-9FA4-48B2-811D-26C9B9E6E503}"
EndProject
Project("{FAE04EC0-301F-11D3-BF4B-00C04F79EFBC}") = "Test.Nuget", "..\10-Code\Test\Test.Nuget\Test.Nuget.csproj", "{6F437CB9-E7DA-48DE-9CEA-B9B3557BDB6A}"
EndProject
Global
	GlobalSection(SolutionConfigurationPlatforms) = preSolution
		Debug|Any CPU = Debug|Any CPU
		Release|Any CPU = Release|Any CPU
	EndGlobalSection
	GlobalSection(ProjectConfigurationPlatforms) = postSolution
		{5ACA3AE8-6C44-4BB4-81DD-3DB6C86107B3}.Debug|Any CPU.ActiveCfg = Debug|Any CPU
		{5ACA3AE8-6C44-4BB4-81DD-3DB6C86107B3}.Debug|Any CPU.Build.0 = Debug|Any CPU
		{5ACA3AE8-6C44-4BB4-81DD-3DB6C86107B3}.Release|Any CPU.ActiveCfg = Release|Any CPU
		{5ACA3AE8-6C44-4BB4-81DD-3DB6C86107B3}.Release|Any CPU.Build.0 = Release|Any CPU
		{C6FEDA1C-99B1-444D-9EAE-57EE2DE67C98}.Debug|Any CPU.ActiveCfg = Debug|Any CPU
		{C6FEDA1C-99B1-444D-9EAE-57EE2DE67C98}.Debug|Any CPU.Build.0 = Debug|Any CPU
		{C6FEDA1C-99B1-444D-9EAE-57EE2DE67C98}.Release|Any CPU.ActiveCfg = Release|Any CPU
		{C6FEDA1C-99B1-444D-9EAE-57EE2DE67C98}.Release|Any CPU.Build.0 = Release|Any CPU
		{E0718CE9-755F-4054-A921-164D24307FEB}.Debug|Any CPU.ActiveCfg = Debug|Any CPU
		{E0718CE9-755F-4054-A921-164D24307FEB}.Debug|Any CPU.Build.0 = Debug|Any CPU
		{E0718CE9-755F-4054-A921-164D24307FEB}.Release|Any CPU.ActiveCfg = Release|Any CPU
		{E0718CE9-755F-4054-A921-164D24307FEB}.Release|Any CPU.Build.0 = Release|Any CPU
		{10C4E37C-2426-46A9-879C-5AAACE6D44E9}.Debug|Any CPU.ActiveCfg = Debug|Any CPU
		{10C4E37C-2426-46A9-879C-5AAACE6D44E9}.Debug|Any CPU.Build.0 = Debug|Any CPU
		{10C4E37C-2426-46A9-879C-5AAACE6D44E9}.Release|Any CPU.ActiveCfg = Release|Any CPU
		{10C4E37C-2426-46A9-879C-5AAACE6D44E9}.Release|Any CPU.Build.0 = Release|Any CPU
		{57B4E546-1BF6-4591-A77E-2EFF1FC3D7C2}.Debug|Any CPU.ActiveCfg = Debug|Any CPU
		{57B4E546-1BF6-4591-A77E-2EFF1FC3D7C2}.Debug|Any CPU.Build.0 = Debug|Any CPU
		{57B4E546-1BF6-4591-A77E-2EFF1FC3D7C2}.Release|Any CPU.ActiveCfg = Release|Any CPU
		{57B4E546-1BF6-4591-A77E-2EFF1FC3D7C2}.Release|Any CPU.Build.0 = Release|Any CPU
		{3D460CE6-E199-4CCC-A362-224CCC43E35B}.Debug|Any CPU.ActiveCfg = Debug|Any CPU
		{3D460CE6-E199-4CCC-A362-224CCC43E35B}.Debug|Any CPU.Build.0 = Debug|Any CPU
		{3D460CE6-E199-4CCC-A362-224CCC43E35B}.Release|Any CPU.ActiveCfg = Release|Any CPU
		{3D460CE6-E199-4CCC-A362-224CCC43E35B}.Release|Any CPU.Build.0 = Release|Any CPU
		{03174E5D-7084-41FF-8E4E-411B0509F27D}.Debug|Any CPU.ActiveCfg = Debug|Any CPU
		{03174E5D-7084-41FF-8E4E-411B0509F27D}.Debug|Any CPU.Build.0 = Debug|Any CPU
		{03174E5D-7084-41FF-8E4E-411B0509F27D}.Release|Any CPU.ActiveCfg = Release|Any CPU
		{03174E5D-7084-41FF-8E4E-411B0509F27D}.Release|Any CPU.Build.0 = Release|Any CPU
		{A931C6CA-FD61-4EBE-89D7-0AF64B43364F}.Debug|Any CPU.ActiveCfg = Debug|Any CPU
		{A931C6CA-FD61-4EBE-89D7-0AF64B43364F}.Debug|Any CPU.Build.0 = Debug|Any CPU
		{A931C6CA-FD61-4EBE-89D7-0AF64B43364F}.Release|Any CPU.ActiveCfg = Release|Any CPU
		{A931C6CA-FD61-4EBE-89D7-0AF64B43364F}.Release|Any CPU.Build.0 = Release|Any CPU
		{40691B1A-9FA4-48B2-811D-26C9B9E6E503}.Debug|Any CPU.ActiveCfg = Debug|Any CPU
		{40691B1A-9FA4-48B2-811D-26C9B9E6E503}.Debug|Any CPU.Build.0 = Debug|Any CPU
		{40691B1A-9FA4-48B2-811D-26C9B9E6E503}.Release|Any CPU.ActiveCfg = Release|Any CPU
		{40691B1A-9FA4-48B2-811D-26C9B9E6E503}.Release|Any CPU.Build.0 = Release|Any CPU
		{6F437CB9-E7DA-48DE-9CEA-B9B3557BDB6A}.Debug|Any CPU.ActiveCfg = Debug|Any CPU
		{6F437CB9-E7DA-48DE-9CEA-B9B3557BDB6A}.Debug|Any CPU.Build.0 = Debug|Any CPU
		{6F437CB9-E7DA-48DE-9CEA-B9B3557BDB6A}.Release|Any CPU.ActiveCfg = Release|Any CPU
		{6F437CB9-E7DA-48DE-9CEA-B9B3557BDB6A}.Release|Any CPU.Build.0 = Release|Any CPU
	EndGlobalSection
	GlobalSection(SolutionProperties) = preSolution
		HideSolutionNode = FALSE
	EndGlobalSection
	GlobalSection(NestedProjects) = preSolution
		{10C4E37C-2426-46A9-879C-5AAACE6D44E9} = {9C767BBE-6BD1-498E-AE09-683F62AC64C3}
		{57B4E546-1BF6-4591-A77E-2EFF1FC3D7C2} = {9C767BBE-6BD1-498E-AE09-683F62AC64C3}
		{3D460CE6-E199-4CCC-A362-224CCC43E35B} = {9C767BBE-6BD1-498E-AE09-683F62AC64C3}
		{03174E5D-7084-41FF-8E4E-411B0509F27D} = {9C767BBE-6BD1-498E-AE09-683F62AC64C3}
		{40691B1A-9FA4-48B2-811D-26C9B9E6E503} = {9C767BBE-6BD1-498E-AE09-683F62AC64C3}
		{6F437CB9-E7DA-48DE-9CEA-B9B3557BDB6A} = {9C767BBE-6BD1-498E-AE09-683F62AC64C3}
	EndGlobalSection
	GlobalSection(ExtensibilityGlobals) = postSolution
		SolutionGuid = {6877A61D-D2DF-470C-AF7F-FE2F330044CF}
	EndGlobalSection
EndGlobal
