
Microsoft Visual Studio Solution File, Format Version 12.00
# Visual Studio Version 16
VisualStudioVersion = 16.0.28803.156
MinimumVisualStudioVersion = 10.0.40219.1
Project("{9A19103F-16F7-4668-BE54-9A1E7A4F7556}") = "SevenTiny.Bantina.Bankinate", "..\10-Code\SevenTiny.Bantina.Bankinate\SevenTiny.Bantina.Bankinate.csproj", "{81F0C6B2-6BC5-47D5-B198-C34DA71BA920}"
EndProject
Project("{2150E333-8FDC-42A3-9474-1A3956D46DE8}") = "Test", "Test", "{9C767BBE-6BD1-498E-AE09-683F62AC64C3}"
EndProject
Project("{9A19103F-16F7-4668-BE54-9A1E7A4F7556}") = "Test.SevenTiny.Bantina.Bankinate", "..\10-Code\Test.SevenTiny.Bantina.Bankinate\Test.SevenTiny.Bantina.Bankinate.csproj", "{EEA57B47-FEE1-48AA-81A3-7159260A3E3C}"
EndProject
Project("{9A19103F-16F7-4668-BE54-9A1E7A4F7556}") = "SevenTiny.Bantina.Bankinate.MySql", "..\10-Code\SevenTiny.Bantina.Bankinate.MySql\SevenTiny.Bantina.Bankinate.MySql.csproj", "{5ACA3AE8-6C44-4BB4-81DD-3DB6C86107B3}"
EndProject
Project("{9A19103F-16F7-4668-BE54-9A1E7A4F7556}") = "SevenTiny.Bantina.Bankinate.SqlServer", "..\10-Code\SevenTiny.Bantina.Bankinate.SqlServer\SevenTiny.Bantina.Bankinate.SqlServer.csproj", "{C6FEDA1C-99B1-444D-9EAE-57EE2DE67C98}"
EndProject
Project("{FAE04EC0-301F-11D3-BF4B-00C04F79EFBC}") = "SevenTiny.Bantina.Bankinate.MongoDb", "..\10-Code\SevenTiny.Bantina.Bankinate.MongoDb\SevenTiny.Bantina.Bankinate.MongoDb.csproj", "{E0718CE9-755F-4054-A921-164D24307FEB}"
EndProject
Global
	GlobalSection(SolutionConfigurationPlatforms) = preSolution
		Debug|Any CPU = Debug|Any CPU
		Release|Any CPU = Release|Any CPU
	EndGlobalSection
	GlobalSection(ProjectConfigurationPlatforms) = postSolution
		{81F0C6B2-6BC5-47D5-B198-C34DA71BA920}.Debug|Any CPU.ActiveCfg = Debug|Any CPU
		{81F0C6B2-6BC5-47D5-B198-C34DA71BA920}.Debug|Any CPU.Build.0 = Debug|Any CPU
		{81F0C6B2-6BC5-47D5-B198-C34DA71BA920}.Release|Any CPU.ActiveCfg = Release|Any CPU
		{81F0C6B2-6BC5-47D5-B198-C34DA71BA920}.Release|Any CPU.Build.0 = Release|Any CPU
		{EEA57B47-FEE1-48AA-81A3-7159260A3E3C}.Debug|Any CPU.ActiveCfg = Debug|Any CPU
		{EEA57B47-FEE1-48AA-81A3-7159260A3E3C}.Debug|Any CPU.Build.0 = Debug|Any CPU
		{EEA57B47-FEE1-48AA-81A3-7159260A3E3C}.Release|Any CPU.ActiveCfg = Release|Any CPU
		{EEA57B47-FEE1-48AA-81A3-7159260A3E3C}.Release|Any CPU.Build.0 = Release|Any CPU
		{5ACA3AE8-6C44-4BB4-81DD-3DB6C86107B3}.Debug|Any CPU.ActiveCfg = Debug|Any CPU
		{5ACA3AE8-6C44-4BB4-81DD-3DB6C86107B3}.Debug|Any CPU.Build.0 = Debug|Any CPU
		{5ACA3AE8-6C44-4BB4-81DD-3DB6C86107B3}.Release|Any CPU.ActiveCfg = Release|Any CPU
		{5ACA3AE8-6C44-4BB4-81DD-3DB6C86107B3}.Release|Any CPU.Build.0 = Release|Any CPU
		{C6FEDA1C-99B1-444D-9EAE-57EE2DE67C98}.Debug|Any CPU.ActiveCfg = Debug|Any CPU
		{C6FEDA1C-99B1-444D-9EAE-57EE2DE67C98}.Debug|Any CPU.Build.0 = Debug|Any CPU
		{C6FEDA1C-99B1-444D-9EAE-57EE2DE67C98}.Release|Any CPU.ActiveCfg = Release|Any CPU
		{C6FEDA1C-99B1-444D-9EAE-57EE2DE67C98}.Release|Any CPU.Build.0 = Release|Any CPU
		{E0718CE9-755F-4054-A921-164D24307FEB}.Debug|Any CPU.ActiveCfg = Debug|Any CPU
		{E0718CE9-755F-4054-A921-164D24307FEB}.Debug|Any CPU.Build.0 = Debug|Any CPU
		{E0718CE9-755F-4054-A921-164D24307FEB}.Release|Any CPU.ActiveCfg = Release|Any CPU
		{E0718CE9-755F-4054-A921-164D24307FEB}.Release|Any CPU.Build.0 = Release|Any CPU
	EndGlobalSection
	GlobalSection(SolutionProperties) = preSolution
		HideSolutionNode = FALSE
	EndGlobalSection
	GlobalSection(NestedProjects) = preSolution
		{EEA57B47-FEE1-48AA-81A3-7159260A3E3C} = {9C767BBE-6BD1-498E-AE09-683F62AC64C3}
	EndGlobalSection
	GlobalSection(ExtensibilityGlobals) = postSolution
		SolutionGuid = {6877A61D-D2DF-470C-AF7F-FE2F330044CF}
	EndGlobalSection
EndGlobal
